
Microsoft Visual Studio Solution File, Format Version 12.00
Project("{FAE04EC0-301F-11D3-BF4B-00C04F79EFBC}") = "WebAPI", "WebAPI\WebAPI.csproj", "{DA4BE5D5-36DD-45AB-B991-DAD9F0EFDBF8}"
EndProject
Project("{FAE04EC0-301F-11D3-BF4B-00C04F79EFBC}") = "DeepseekClient", "DeepseekClient\DeepseekClient.csproj", "{7B827386-D60C-46DC-8D23-54F51F3C0D98}"
EndProject
Global
	GlobalSection(SolutionConfigurationPlatforms) = preSolution
		Debug|Any CPU = Debug|Any CPU
		Release|Any CPU = Release|Any CPU
	EndGlobalSection
	GlobalSection(ProjectConfigurationPlatforms) = postSolution
		{DA4BE5D5-36DD-45AB-B991-DAD9F0EFDBF8}.Debug|Any CPU.ActiveCfg = Debug|Any CPU
		{DA4BE5D5-36DD-45AB-B991-DAD9F0EFDBF8}.Debug|Any CPU.Build.0 = Debug|Any CPU
		{DA4BE5D5-36DD-45AB-B991-DAD9F0EFDBF8}.Release|Any CPU.ActiveCfg = Release|Any CPU
		{DA4BE5D5-36DD-45AB-B991-DAD9F0EFDBF8}.Release|Any CPU.Build.0 = Release|Any CPU
		{7B827386-D60C-46DC-8D23-54F51F3C0D98}.Debug|Any CPU.ActiveCfg = Debug|Any CPU
		{7B827386-D60C-46DC-8D23-54F51F3C0D98}.Debug|Any CPU.Build.0 = Debug|Any CPU
		{7B827386-D60C-46DC-8D23-54F51F3C0D98}.Release|Any CPU.ActiveCfg = Release|Any CPU
		{7B827386-D60C-46DC-8D23-54F51F3C0D98}.Release|Any CPU.Build.0 = Release|Any CPU
	EndGlobalSection
EndGlobal
